
Microsoft Visual Studio Solution File, Format Version 12.00
# Visual Studio Version 16
VisualStudioVersion = 25.0.1706.5
MinimumVisualStudioVersion = 10.0.40219.1
Project("{FAE04EC0-301F-11D3-BF4B-00C04F79EFBC}") = "TestCollectionView", "TestCollectionView.csproj", "{C6FF6599-AC2E-48CE-B1A7-7D491DE07963}"
EndProject
Global
	GlobalSection(SolutionConfigurationPlatforms) = preSolution
		Debug|Any CPU = Debug|Any CPU
		Release|Any CPU = Release|Any CPU
	EndGlobalSection
	GlobalSection(ProjectConfigurationPlatforms) = postSolution
		{C6FF6599-AC2E-48CE-B1A7-7D491DE07963}.Debug|Any CPU.ActiveCfg = Debug|Any CPU
		{C6FF6599-AC2E-48CE-B1A7-7D491DE07963}.Debug|Any CPU.Build.0 = Debug|Any CPU
		{C6FF6599-AC2E-48CE-B1A7-7D491DE07963}.Release|Any CPU.ActiveCfg = Release|Any CPU
		{C6FF6599-AC2E-48CE-B1A7-7D491DE07963}.Release|Any CPU.Build.0 = Release|Any CPU
	EndGlobalSection
	GlobalSection(SolutionProperties) = preSolution
		HideSolutionNode = FALSE
	EndGlobalSection
	GlobalSection(ExtensibilityGlobals) = postSolution
		SolutionGuid = {E7C8A8EB-F0F9-403A-A613-B780DCD0180F}
	EndGlobalSection
EndGlobal
